// !$*UTF8*$!
{
	archiveVersion = 1;
	classes = {
	};
	objectVersion = 46;
	objects = {

/* Begin PBXBuildFile section */
		662588421DDD4A7600DF2962 /* main.m in Sources */ = {isa = PBXBuildFile; fileRef = 662588411DDD4A7600DF2962 /* main.m */; };
		662588451DDD4A7600DF2962 /* AppDelegate.m in Sources */ = {isa = PBXBuildFile; fileRef = 662588441DDD4A7600DF2962 /* AppDelegate.m */; };
		662588481DDD4A7600DF2962 /* ViewController.m in Sources */ = {isa = PBXBuildFile; fileRef = 662588471DDD4A7600DF2962 /* ViewController.m */; };
		6625884B1DDD4A7600DF2962 /* Main.storyboard in Resources */ = {isa = PBXBuildFile; fileRef = 662588491DDD4A7600DF2962 /* Main.storyboard */; };
		6625884D1DDD4A7600DF2962 /* Assets.xcassets in Resources */ = {isa = PBXBuildFile; fileRef = 6625884C1DDD4A7600DF2962 /* Assets.xcassets */; };
		662588501DDD4A7600DF2962 /* LaunchScreen.storyboard in Resources */ = {isa = PBXBuildFile; fileRef = 6625884E1DDD4A7600DF2962 /* LaunchScreen.storyboard */; };
		6625885B1DDD4A7600DF2962 /* CGContextObjectTests.m in Sources */ = {isa = PBXBuildFile; fileRef = 6625885A1DDD4A7600DF2962 /* CGContextObjectTests.m */; };
		662588661DDD4A7600DF2962 /* CGContextObjectUITests.m in Sources */ = {isa = PBXBuildFile; fileRef = 662588651DDD4A7600DF2962 /* CGContextObjectUITests.m */; };
		662588751DDD4A9500DF2962 /* CGContextObject.m in Sources */ = {isa = PBXBuildFile; fileRef = 662588741DDD4A9500DF2962 /* CGContextObject.m */; };
		662588781DDD4BAD00DF2962 /* CGContextObjectConfig.m in Sources */ = {isa = PBXBuildFile; fileRef = 662588771DDD4BAD00DF2962 /* CGContextObjectConfig.m */; };
		6625887B1DDD4BFE00DF2962 /* RGBColor.m in Sources */ = {isa = PBXBuildFile; fileRef = 6625887A1DDD4BFE00DF2962 /* RGBColor.m */; };
		6625887E1DDD4C7E00DF2962 /* GradientColor.m in Sources */ = {isa = PBXBuildFile; fileRef = 6625887D1DDD4C7E00DF2962 /* GradientColor.m */; };
		662588811DDD4EE200DF2962 /* DrawGradientColorView.m in Sources */ = {isa = PBXBuildFile; fileRef = 662588801DDD4EE200DF2962 /* DrawGradientColorView.m */; };
/* End PBXBuildFile section */

/* Begin PBXContainerItemProxy section */
		662588571DDD4A7600DF2962 /* PBXContainerItemProxy */ = {
			isa = PBXContainerItemProxy;
			containerPortal = 662588351DDD4A7600DF2962 /* Project object */;
			proxyType = 1;
			remoteGlobalIDString = 6625883C1DDD4A7600DF2962;
			remoteInfo = CGContextObject;
		};
		662588621DDD4A7600DF2962 /* PBXContainerItemProxy */ = {
			isa = PBXContainerItemProxy;
			containerPortal = 662588351DDD4A7600DF2962 /* Project object */;
			proxyType = 1;
			remoteGlobalIDString = 6625883C1DDD4A7600DF2962;
			remoteInfo = CGContextObject;
		};
/* End PBXContainerItemProxy section */

/* Begin PBXFileReference section */
		6625883D1DDD4A7600DF2962 /* CGContextObject.app */ = {isa = PBXFileReference; explicitFileType = wrapper.application; includeInIndex = 0; path = CGContextObject.app; sourceTree = BUILT_PRODUCTS_DIR; };
		662588411DDD4A7600DF2962 /* main.m */ = {isa = PBXFileReference; lastKnownFileType = sourcecode.c.objc; path = main.m; sourceTree = "<group>"; };
		662588431DDD4A7600DF2962 /* AppDelegate.h */ = {isa = PBXFileReference; lastKnownFileType = sourcecode.c.h; path = AppDelegate.h; sourceTree = "<group>"; };
		662588441DDD4A7600DF2962 /* AppDelegate.m */ = {isa = PBXFileReference; lastKnownFileType = sourcecode.c.objc; path = AppDelegate.m; sourceTree = "<group>"; };
		662588461DDD4A7600DF2962 /* ViewController.h */ = {isa = PBXFileReference; lastKnownFileType = sourcecode.c.h; path = ViewController.h; sourceTree = "<group>"; };
		662588471DDD4A7600DF2962 /* ViewController.m */ = {isa = PBXFileReference; lastKnownFileType = sourcecode.c.objc; path = ViewController.m; sourceTree = "<group>"; };
		6625884A1DDD4A7600DF2962 /* Base */ = {isa = PBXFileReference; lastKnownFileType = file.storyboard; name = Base; path = Base.lproj/Main.storyboard; sourceTree = "<group>"; };
		6625884C1DDD4A7600DF2962 /* Assets.xcassets */ = {isa = PBXFileReference; lastKnownFileType = folder.assetcatalog; path = Assets.xcassets; sourceTree = "<group>"; };
		6625884F1DDD4A7600DF2962 /* Base */ = {isa = PBXFileReference; lastKnownFileType = file.storyboard; name = Base; path = Base.lproj/LaunchScreen.storyboard; sourceTree = "<group>"; };
		662588511DDD4A7600DF2962 /* Info.plist */ = {isa = PBXFileReference; lastKnownFileType = text.plist.xml; path = Info.plist; sourceTree = "<group>"; };
		662588561DDD4A7600DF2962 /* CGContextObjectTests.xctest */ = {isa = PBXFileReference; explicitFileType = wrapper.cfbundle; includeInIndex = 0; path = CGContextObjectTests.xctest; sourceTree = BUILT_PRODUCTS_DIR; };
		6625885A1DDD4A7600DF2962 /* CGContextObjectTests.m */ = {isa = PBXFileReference; lastKnownFileType = sourcecode.c.objc; path = CGContextObjectTests.m; sourceTree = "<group>"; };
		6625885C1DDD4A7600DF2962 /* Info.plist */ = {isa = PBXFileReference; lastKnownFileType = text.plist.xml; path = Info.plist; sourceTree = "<group>"; };
		662588611DDD4A7600DF2962 /* CGContextObjectUITests.xctest */ = {isa = PBXFileReference; explicitFileType = wrapper.cfbundle; includeInIndex = 0; path = CGContextObjectUITests.xctest; sourceTree = BUILT_PRODUCTS_DIR; };
		662588651DDD4A7600DF2962 /* CGContextObjectUITests.m */ = {isa = PBXFileReference; lastKnownFileType = sourcecode.c.objc; path = CGContextObjectUITests.m; sourceTree = "<group>"; };
		662588671DDD4A7700DF2962 /* Info.plist */ = {isa = PBXFileReference; lastKnownFileType = text.plist.xml; path = Info.plist; sourceTree = "<group>"; };
		662588731DDD4A9500DF2962 /* CGContextObject.h */ = {isa = PBXFileReference; fileEncoding = 4; lastKnownFileType = sourcecode.c.h; path = CGContextObject.h; sourceTree = "<group>"; };
		662588741DDD4A9500DF2962 /* CGContextObject.m */ = {isa = PBXFileReference; fileEncoding = 4; lastKnownFileType = sourcecode.c.objc; path = CGContextObject.m; sourceTree = "<group>"; };
		662588761DDD4BAD00DF2962 /* CGContextObjectConfig.h */ = {isa = PBXFileReference; fileEncoding = 4; lastKnownFileType = sourcecode.c.h; path = CGContextObjectConfig.h; sourceTree = "<group>"; };
		662588771DDD4BAD00DF2962 /* CGContextObjectConfig.m */ = {isa = PBXFileReference; fileEncoding = 4; lastKnownFileType = sourcecode.c.objc; path = CGContextObjectConfig.m; sourceTree = "<group>"; };
		662588791DDD4BFE00DF2962 /* RGBColor.h */ = {isa = PBXFileReference; fileEncoding = 4; lastKnownFileType = sourcecode.c.h; path = RGBColor.h; sourceTree = "<group>"; };
		6625887A1DDD4BFE00DF2962 /* RGBColor.m */ = {isa = PBXFileReference; fileEncoding = 4; lastKnownFileType = sourcecode.c.objc; path = RGBColor.m; sourceTree = "<group>"; };
		6625887C1DDD4C7E00DF2962 /* GradientColor.h */ = {isa = PBXFileReference; fileEncoding = 4; lastKnownFileType = sourcecode.c.h; path = GradientColor.h; sourceTree = "<group>"; };
		6625887D1DDD4C7E00DF2962 /* GradientColor.m */ = {isa = PBXFileReference; fileEncoding = 4; lastKnownFileType = sourcecode.c.objc; path = GradientColor.m; sourceTree = "<group>"; };
		6625887F1DDD4EE200DF2962 /* DrawGradientColorView.h */ = {isa = PBXFileReference; fileEncoding = 4; lastKnownFileType = sourcecode.c.h; path = DrawGradientColorView.h; sourceTree = "<group>"; };
		662588801DDD4EE200DF2962 /* DrawGradientColorView.m */ = {isa = PBXFileReference; fileEncoding = 4; lastKnownFileType = sourcecode.c.objc; path = DrawGradientColorView.m; sourceTree = "<group>"; };
/* End PBXFileReference section */

/* Begin PBXFrameworksBuildPhase section */
		6625883A1DDD4A7600DF2962 /* Frameworks */ = {
			isa = PBXFrameworksBuildPhase;
			buildActionMask = 2147483647;
			files = (
			);
			runOnlyForDeploymentPostprocessing = 0;
		};
		662588531DDD4A7600DF2962 /* Frameworks */ = {
			isa = PBXFrameworksBuildPhase;
			buildActionMask = 2147483647;
			files = (
			);
			runOnlyForDeploymentPostprocessing = 0;
		};
		6625885E1DDD4A7600DF2962 /* Frameworks */ = {
			isa = PBXFrameworksBuildPhase;
			buildActionMask = 2147483647;
			files = (
			);
			runOnlyForDeploymentPostprocessing = 0;
		};
/* End PBXFrameworksBuildPhase section */

/* Begin PBXGroup section */
		662588341DDD4A7600DF2962 = {
			isa = PBXGroup;
			children = (
				6625883F1DDD4A7600DF2962 /* CGContextObject */,
				662588591DDD4A7600DF2962 /* CGContextObjectTests */,
				662588641DDD4A7600DF2962 /* CGContextObjectUITests */,
				6625883E1DDD4A7600DF2962 /* Products */,
			);
			sourceTree = "<group>";
		};
		6625883E1DDD4A7600DF2962 /* Products */ = {
			isa = PBXGroup;
			children = (
				6625883D1DDD4A7600DF2962 /* CGContextObject.app */,
				662588561DDD4A7600DF2962 /* CGContextObjectTests.xctest */,
				662588611DDD4A7600DF2962 /* CGContextObjectUITests.xctest */,
			);
			name = Products;
			sourceTree = "<group>";
		};
		6625883F1DDD4A7600DF2962 /* CGContextObject */ = {
			isa = PBXGroup;
			children = (
				662588731DDD4A9500DF2962 /* CGContextObject.h */,
				662588741DDD4A9500DF2962 /* CGContextObject.m */,
				662588761DDD4BAD00DF2962 /* CGContextObjectConfig.h */,
				662588771DDD4BAD00DF2962 /* CGContextObjectConfig.m */,
				662588791DDD4BFE00DF2962 /* RGBColor.h */,
				6625887A1DDD4BFE00DF2962 /* RGBColor.m */,
				6625887C1DDD4C7E00DF2962 /* GradientColor.h */,
				6625887D1DDD4C7E00DF2962 /* GradientColor.m */,
				662588401DDD4A7600DF2962 /* Supporting Files */,
			);
			path = CGContextObject;
			sourceTree = "<group>";
		};
		662588401DDD4A7600DF2962 /* Supporting Files */ = {
			isa = PBXGroup;
			children = (
				6625887F1DDD4EE200DF2962 /* DrawGradientColorView.h */,
				662588801DDD4EE200DF2962 /* DrawGradientColorView.m */,
				662588431DDD4A7600DF2962 /* AppDelegate.h */,
				662588441DDD4A7600DF2962 /* AppDelegate.m */,
				662588461DDD4A7600DF2962 /* ViewController.h */,
				662588471DDD4A7600DF2962 /* ViewController.m */,
				662588491DDD4A7600DF2962 /* Main.storyboard */,
				6625884C1DDD4A7600DF2962 /* Assets.xcassets */,
				6625884E1DDD4A7600DF2962 /* LaunchScreen.storyboard */,
				662588511DDD4A7600DF2962 /* Info.plist */,
				662588411DDD4A7600DF2962 /* main.m */,
			);
			name = "Supporting Files";
			sourceTree = "<group>";
		};
		662588591DDD4A7600DF2962 /* CGContextObjectTests */ = {
			isa = PBXGroup;
			children = (
				6625885A1DDD4A7600DF2962 /* CGContextObjectTests.m */,
				6625885C1DDD4A7600DF2962 /* Info.plist */,
			);
			path = CGContextObjectTests;
			sourceTree = "<group>";
		};
		662588641DDD4A7600DF2962 /* CGContextObjectUITests */ = {
			isa = PBXGroup;
			children = (
				662588651DDD4A7600DF2962 /* CGContextObjectUITests.m */,
				662588671DDD4A7700DF2962 /* Info.plist */,
			);
			path = CGContextObjectUITests;
			sourceTree = "<group>";
		};
/* End PBXGroup section */

/* Begin PBXNativeTarget section */
		6625883C1DDD4A7600DF2962 /* CGContextObject */ = {
			isa = PBXNativeTarget;
			buildConfigurationList = 6625886A1DDD4A7700DF2962 /* Build configuration list for PBXNativeTarget "CGContextObject" */;
			buildPhases = (
				662588391DDD4A7600DF2962 /* Sources */,
				6625883A1DDD4A7600DF2962 /* Frameworks */,
				6625883B1DDD4A7600DF2962 /* Resources */,
			);
			buildRules = (
			);
			dependencies = (
			);
			name = CGContextObject;
			productName = CGContextObject;
			productReference = 6625883D1DDD4A7600DF2962 /* CGContextObject.app */;
			productType = "com.apple.product-type.application";
		};
		662588551DDD4A7600DF2962 /* CGContextObjectTests */ = {
			isa = PBXNativeTarget;
			buildConfigurationList = 6625886D1DDD4A7700DF2962 /* Build configuration list for PBXNativeTarget "CGContextObjectTests" */;
			buildPhases = (
				662588521DDD4A7600DF2962 /* Sources */,
				662588531DDD4A7600DF2962 /* Frameworks */,
				662588541DDD4A7600DF2962 /* Resources */,
			);
			buildRules = (
			);
			dependencies = (
				662588581DDD4A7600DF2962 /* PBXTargetDependency */,
			);
			name = CGContextObjectTests;
			productName = CGContextObjectTests;
			productReference = 662588561DDD4A7600DF2962 /* CGContextObjectTests.xctest */;
			productType = "com.apple.product-type.bundle.unit-test";
		};
		662588601DDD4A7600DF2962 /* CGContextObjectUITests */ = {
			isa = PBXNativeTarget;
			buildConfigurationList = 662588701DDD4A7700DF2962 /* Build configuration list for PBXNativeTarget "CGContextObjectUITests" */;
			buildPhases = (
				6625885D1DDD4A7600DF2962 /* Sources */,
				6625885E1DDD4A7600DF2962 /* Frameworks */,
				6625885F1DDD4A7600DF2962 /* Resources */,
			);
			buildRules = (
			);
			dependencies = (
				662588631DDD4A7600DF2962 /* PBXTargetDependency */,
			);
			name = CGContextObjectUITests;
			productName = CGContextObjectUITests;
			productReference = 662588611DDD4A7600DF2962 /* CGContextObjectUITests.xctest */;
			productType = "com.apple.product-type.bundle.ui-testing";
		};
/* End PBXNativeTarget section */

/* Begin PBXProject section */
		662588351DDD4A7600DF2962 /* Project object */ = {
			isa = PBXProject;
			attributes = {
				LastUpgradeCheck = 0810;
				ORGANIZATIONNAME = mike;
				TargetAttributes = {
					6625883C1DDD4A7600DF2962 = {
						CreatedOnToolsVersion = 8.1;
						DevelopmentTeam = 4N3YJ42H39;
						ProvisioningStyle = Automatic;
					};
					662588551DDD4A7600DF2962 = {
						CreatedOnToolsVersion = 8.1;
						DevelopmentTeam = 4N3YJ42H39;
						ProvisioningStyle = Automatic;
						TestTargetID = 6625883C1DDD4A7600DF2962;
					};
					662588601DDD4A7600DF2962 = {
						CreatedOnToolsVersion = 8.1;
						DevelopmentTeam = 4N3YJ42H39;
						ProvisioningStyle = Automatic;
						TestTargetID = 6625883C1DDD4A7600DF2962;
					};
				};
			};
			buildConfigurationList = 662588381DDD4A7600DF2962 /* Build configuration list for PBXProject "CGContextObject" */;
			compatibilityVersion = "Xcode 3.2";
			developmentRegion = English;
			hasScannedForEncodings = 0;
			knownRegions = (
				en,
				Base,
			);
			mainGroup = 662588341DDD4A7600DF2962;
			productRefGroup = 6625883E1DDD4A7600DF2962 /* Products */;
			projectDirPath = "";
			projectRoot = "";
			targets = (
				6625883C1DDD4A7600DF2962 /* CGContextObject */,
				662588551DDD4A7600DF2962 /* CGContextObjectTests */,
				662588601DDD4A7600DF2962 /* CGContextObjectUITests */,
			);
		};
/* End PBXProject section */

/* Begin PBXResourcesBuildPhase section */
		6625883B1DDD4A7600DF2962 /* Resources */ = {
			isa = PBXResourcesBuildPhase;
			buildActionMask = 2147483647;
			files = (
				662588501DDD4A7600DF2962 /* LaunchScreen.storyboard in Resources */,
				6625884D1DDD4A7600DF2962 /* Assets.xcassets in Resources */,
				6625884B1DDD4A7600DF2962 /* Main.storyboard in Resources */,
			);
			runOnlyForDeploymentPostprocessing = 0;
		};
		662588541DDD4A7600DF2962 /* Resources */ = {
			isa = PBXResourcesBuildPhase;
			buildActionMask = 2147483647;
			files = (
			);
			runOnlyForDeploymentPostprocessing = 0;
		};
		6625885F1DDD4A7600DF2962 /* Resources */ = {
			isa = PBXResourcesBuildPhase;
			buildActionMask = 2147483647;
			files = (
			);
			runOnlyForDeploymentPostprocessing = 0;
		};
/* End PBXResourcesBuildPhase section */

/* Begin PBXSourcesBuildPhase section */
		662588391DDD4A7600DF2962 /* Sources */ = {
			isa = PBXSourcesBuildPhase;
			buildActionMask = 2147483647;
			files = (
				662588811DDD4EE200DF2962 /* DrawGradientColorView.m in Sources */,
				662588781DDD4BAD00DF2962 /* CGContextObjectConfig.m in Sources */,
				662588481DDD4A7600DF2962 /* ViewController.m in Sources */,
				662588451DDD4A7600DF2962 /* AppDelegate.m in Sources */,
				6625887E1DDD4C7E00DF2962 /* GradientColor.m in Sources */,
				662588751DDD4A9500DF2962 /* CGContextObject.m in Sources */,
				662588421DDD4A7600DF2962 /* main.m in Sources */,
				6625887B1DDD4BFE00DF2962 /* RGBColor.m in Sources */,
			);
			runOnlyForDeploymentPostprocessing = 0;
		};
		662588521DDD4A7600DF2962 /* Sources */ = {
			isa = PBXSourcesBuildPhase;
			buildActionMask = 2147483647;
			files = (
				6625885B1DDD4A7600DF2962 /* CGContextObjectTests.m in Sources */,
			);
			runOnlyForDeploymentPostprocessing = 0;
		};
		6625885D1DDD4A7600DF2962 /* Sources */ = {
			isa = PBXSourcesBuildPhase;
			buildActionMask = 2147483647;
			files = (
				662588661DDD4A7600DF2962 /* CGContextObjectUITests.m in Sources */,
			);
			runOnlyForDeploymentPostprocessing = 0;
		};
/* End PBXSourcesBuildPhase section */

/* Begin PBXTargetDependency section */
		662588581DDD4A7600DF2962 /* PBXTargetDependency */ = {
			isa = PBXTargetDependency;
			target = 6625883C1DDD4A7600DF2962 /* CGContextObject */;
			targetProxy = 662588571DDD4A7600DF2962 /* PBXContainerItemProxy */;
		};
		662588631DDD4A7600DF2962 /* PBXTargetDependency */ = {
			isa = PBXTargetDependency;
			target = 6625883C1DDD4A7600DF2962 /* CGContextObject */;
			targetProxy = 662588621DDD4A7600DF2962 /* PBXContainerItemProxy */;
		};
/* End PBXTargetDependency section */

/* Begin PBXVariantGroup section */
		662588491DDD4A7600DF2962 /* Main.storyboard */ = {
			isa = PBXVariantGroup;
			children = (
				6625884A1DDD4A7600DF2962 /* Base */,
			);
			name = Main.storyboard;
			sourceTree = "<group>";
		};
		6625884E1DDD4A7600DF2962 /* LaunchScreen.storyboard */ = {
			isa = PBXVariantGroup;
			children = (
				6625884F1DDD4A7600DF2962 /* Base */,
			);
			name = LaunchScreen.storyboard;
			sourceTree = "<group>";
		};
/* End PBXVariantGroup section */

/* Begin XCBuildConfiguration section */
		662588681DDD4A7700DF2962 /* Debug */ = {
			isa = XCBuildConfiguration;
			buildSettings = {
				ALWAYS_SEARCH_USER_PATHS = NO;
				CLANG_ANALYZER_NONNULL = YES;
				CLANG_CXX_LANGUAGE_STANDARD = "gnu++0x";
				CLANG_CXX_LIBRARY = "libc++";
				CLANG_ENABLE_MODULES = YES;
				CLANG_ENABLE_OBJC_ARC = YES;
				CLANG_WARN_BOOL_CONVERSION = YES;
				CLANG_WARN_CONSTANT_CONVERSION = YES;
				CLANG_WARN_DIRECT_OBJC_ISA_USAGE = YES_ERROR;
				CLANG_WARN_DOCUMENTATION_COMMENTS = YES;
				CLANG_WARN_EMPTY_BODY = YES;
				CLANG_WARN_ENUM_CONVERSION = YES;
				CLANG_WARN_INFINITE_RECURSION = YES;
				CLANG_WARN_INT_CONVERSION = YES;
				CLANG_WARN_OBJC_ROOT_CLASS = YES_ERROR;
				CLANG_WARN_SUSPICIOUS_MOVES = YES;
				CLANG_WARN_UNREACHABLE_CODE = YES;
				CLANG_WARN__DUPLICATE_METHOD_MATCH = YES;
				"CODE_SIGN_IDENTITY[sdk=iphoneos*]" = "iPhone Developer";
				COPY_PHASE_STRIP = NO;
				DEBUG_INFORMATION_FORMAT = dwarf;
				ENABLE_STRICT_OBJC_MSGSEND = YES;
				ENABLE_TESTABILITY = YES;
				GCC_C_LANGUAGE_STANDARD = gnu99;
				GCC_DYNAMIC_NO_PIC = NO;
				GCC_NO_COMMON_BLOCKS = YES;
				GCC_OPTIMIZATION_LEVEL = 0;
				GCC_PREPROCESSOR_DEFINITIONS = (
					"DEBUG=1",
					"$(inherited)",
				);
				GCC_WARN_64_TO_32_BIT_CONVERSION = YES;
				GCC_WARN_ABOUT_RETURN_TYPE = YES_ERROR;
				GCC_WARN_UNDECLARED_SELECTOR = YES;
				GCC_WARN_UNINITIALIZED_AUTOS = YES_AGGRESSIVE;
				GCC_WARN_UNUSED_FUNCTION = YES;
				GCC_WARN_UNUSED_VARIABLE = YES;
				IPHONEOS_DEPLOYMENT_TARGET = 10.1;
				MTL_ENABLE_DEBUG_INFO = YES;
				ONLY_ACTIVE_ARCH = YES;
				SDKROOT = iphoneos;
				TARGETED_DEVICE_FAMILY = "1,2";
			};
			name = Debug;
		};
		662588691DDD4A7700DF2962 /* Release */ = {
			isa = XCBuildConfiguration;
			buildSettings = {
				ALWAYS_SEARCH_USER_PATHS = NO;
				CLANG_ANALYZER_NONNULL = YES;
				CLANG_CXX_LANGUAGE_STANDARD = "gnu++0x";
				CLANG_CXX_LIBRARY = "libc++";
				CLANG_ENABLE_MODULES = YES;
				CLANG_ENABLE_OBJC_ARC = YES;
				CLANG_WARN_BOOL_CONVERSION = YES;
				CLANG_WARN_CONSTANT_CONVERSION = YES;
				CLANG_WARN_DIRECT_OBJC_ISA_USAGE = YES_ERROR;
				CLANG_WARN_DOCUMENTATION_COMMENTS = YES;
				CLANG_WARN_EMPTY_BODY = YES;
				CLANG_WARN_ENUM_CONVERSION = YES;
				CLANG_WARN_INFINITE_RECURSION = YES;
				CLANG_WARN_INT_CONVERSION = YES;
				CLANG_WARN_OBJC_ROOT_CLASS = YES_ERROR;
				CLANG_WARN_SUSPICIOUS_MOVES = YES;
				CLANG_WARN_UNREACHABLE_CODE = YES;
				CLANG_WARN__DUPLICATE_METHOD_MATCH = YES;
				"CODE_SIGN_IDENTITY[sdk=iphoneos*]" = "iPhone Developer";
				COPY_PHASE_STRIP = NO;
				DEBUG_INFORMATION_FORMAT = "dwarf-with-dsym";
				ENABLE_NS_ASSERTIONS = NO;
				ENABLE_STRICT_OBJC_MSGSEND = YES;
				GCC_C_LANGUAGE_STANDARD = gnu99;
				GCC_NO_COMMON_BLOCKS = YES;
				GCC_WARN_64_TO_32_BIT_CONVERSION = YES;
				GCC_WARN_ABOUT_RETURN_TYPE = YES_ERROR;
				GCC_WARN_UNDECLARED_SELECTOR = YES;
				GCC_WARN_UNINITIALIZED_AUTOS = YES_AGGRESSIVE;
				GCC_WARN_UNUSED_FUNCTION = YES;
				GCC_WARN_UNUSED_VARIABLE = YES;
				IPHONEOS_DEPLOYMENT_TARGET = 10.1;
				MTL_ENABLE_DEBUG_INFO = NO;
				SDKROOT = iphoneos;
				TARGETED_DEVICE_FAMILY = "1,2";
				VALIDATE_PRODUCT = YES;
			};
			name = Release;
		};
		6625886B1DDD4A7700DF2962 /* Debug */ = {
			isa = XCBuildConfiguration;
			buildSettings = {
				ASSETCATALOG_COMPILER_APPICON_NAME = AppIcon;
				DEVELOPMENT_TEAM = 4N3YJ42H39;
				INFOPLIST_FILE = CGContextObject/Info.plist;
				LD_RUNPATH_SEARCH_PATHS = "$(inherited) @executable_path/Frameworks";
				PRODUCT_BUNDLE_IDENTIFIER = com.Tomikes.CGContextObject;
				PRODUCT_NAME = "$(TARGET_NAME)";
			};
			name = Debug;
		};
		6625886C1DDD4A7700DF2962 /* Release */ = {
			isa = XCBuildConfiguration;
			buildSettings = {
				ASSETCATALOG_COMPILER_APPICON_NAME = AppIcon;
				DEVELOPMENT_TEAM = 4N3YJ42H39;
				INFOPLIST_FILE = CGContextObject/Info.plist;
				LD_RUNPATH_SEARCH_PATHS = "$(inherited) @executable_path/Frameworks";
				PRODUCT_BUNDLE_IDENTIFIER = com.Tomikes.CGContextObject;
				PRODUCT_NAME = "$(TARGET_NAME)";
			};
			name = Release;
		};
		6625886E1DDD4A7700DF2962 /* Debug */ = {
			isa = XCBuildConfiguration;
			buildSettings = {
				BUNDLE_LOADER = "$(TEST_HOST)";
				DEVELOPMENT_TEAM = 4N3YJ42H39;
				INFOPLIST_FILE = CGContextObjectTests/Info.plist;
				LD_RUNPATH_SEARCH_PATHS = "$(inherited) @executable_path/Frameworks @loader_path/Frameworks";
				PRODUCT_BUNDLE_IDENTIFIER = com.Tomikes.CGContextObjectTests;
				PRODUCT_NAME = "$(TARGET_NAME)";
				TEST_HOST = "$(BUILT_PRODUCTS_DIR)/CGContextObject.app/CGContextObject";
			};
			name = Debug;
		};
		6625886F1DDD4A7700DF2962 /* Release */ = {
			isa = XCBuildConfiguration;
			buildSettings = {
				BUNDLE_LOADER = "$(TEST_HOST)";
				DEVELOPMENT_TEAM = 4N3YJ42H39;
				INFOPLIST_FILE = CGContextObjectTests/Info.plist;
				LD_RUNPATH_SEARCH_PATHS = "$(inherited) @executable_path/Frameworks @loader_path/Frameworks";
				PRODUCT_BUNDLE_IDENTIFIER = com.Tomikes.CGContextObjectTests;
				PRODUCT_NAME = "$(TARGET_NAME)";
				TEST_HOST = "$(BUILT_PRODUCTS_DIR)/CGContextObject.app/CGContextObject";
			};
			name = Release;
		};
		662588711DDD4A7700DF2962 /* Debug */ = {
			isa = XCBuildConfiguration;
			buildSettings = {
				DEVELOPMENT_TEAM = 4N3YJ42H39;
				INFOPLIST_FILE = CGContextObjectUITests/Info.plist;
				LD_RUNPATH_SEARCH_PATHS = "$(inherited) @executable_path/Frameworks @loader_path/Frameworks";
				PRODUCT_BUNDLE_IDENTIFIER = com.Tomikes.CGContextObjectUITests;
				PRODUCT_NAME = "$(TARGET_NAME)";
				TEST_TARGET_NAME = CGContextObject;
			};
			name = Debug;
		};
		662588721DDD4A7700DF2962 /* Release */ = {
			isa = XCBuildConfiguration;
			buildSettings = {
				DEVELOPMENT_TEAM = 4N3YJ42H39;
				INFOPLIST_FILE = CGContextObjectUITests/Info.plist;
				LD_RUNPATH_SEARCH_PATHS = "$(inherited) @executable_path/Frameworks @loader_path/Frameworks";
				PRODUCT_BUNDLE_IDENTIFIER = com.Tomikes.CGContextObjectUITests;
				PRODUCT_NAME = "$(TARGET_NAME)";
				TEST_TARGET_NAME = CGContextObject;
			};
			name = Release;
		};
/* End XCBuildConfiguration section */

/* Begin XCConfigurationList section */
		662588381DDD4A7600DF2962 /* Build configuration list for PBXProject "CGContextObject" */ = {
			isa = XCConfigurationList;
			buildConfigurations = (
				662588681DDD4A7700DF2962 /* Debug */,
				662588691DDD4A7700DF2962 /* Release */,
			);
			defaultConfigurationIsVisible = 0;
			defaultConfigurationName = Release;
		};
		6625886A1DDD4A7700DF2962 /* Build configuration list for PBXNativeTarget "CGContextObject" */ = {
			isa = XCConfigurationList;
			buildConfigurations = (
				6625886B1DDD4A7700DF2962 /* Debug */,
				6625886C1DDD4A7700DF2962 /* Release */,
			);
			defaultConfigurationIsVisible = 0;
		};
		6625886D1DDD4A7700DF2962 /* Build configuration list for PBXNativeTarget "CGContextObjectTests" */ = {
			isa = XCConfigurationList;
			buildConfigurations = (
				6625886E1DDD4A7700DF2962 /* Debug */,
				6625886F1DDD4A7700DF2962 /* Release */,
			);
			defaultConfigurationIsVisible = 0;
		};
		662588701DDD4A7700DF2962 /* Build configuration list for PBXNativeTarget "CGContextObjectUITests" */ = {
			isa = XCConfigurationList;
			buildConfigurations = (
				662588711DDD4A7700DF2962 /* Debug */,
				662588721DDD4A7700DF2962 /* Release */,
			);
			defaultConfigurationIsVisible = 0;
		};
/* End XCConfigurationList section */
	};
	rootObject = 662588351DDD4A7600DF2962 /* Project object */;
}
